Microsoft Visual Studio Solution File, Format Version 12.00
# Visual Studio Version 17
VisualStudioVersion = 17.5.2.0
MinimumVisualStudioVersion = 10.0.40219.1
Project("{FAE04EC0-301F-11D3-BF4B-00C04F79EFBC}") = "inmobiliaria_api_mobile", "inmobiliaria_api_mobile.csproj", "{6DFCB4CD-0B11-3BDF-38FA-664ABE7CBE79}"
EndProject
Global
	GlobalSection(SolutionConfigurationPlatforms) = preSolution
		Debug|Any CPU = Debug|Any CPU
		Release|Any CPU = Release|Any CPU
	EndGlobalSection
	GlobalSection(ProjectConfigurationPlatforms) = postSolution
		{6DFCB4CD-0B11-3BDF-38FA-664ABE7CBE79}.Debug|Any CPU.ActiveCfg = Debug|Any CPU
		{6DFCB4CD-0B11-3BDF-38FA-664ABE7CBE79}.Debug|Any CPU.Build.0 = Debug|Any CPU
		{6DFCB4CD-0B11-3BDF-38FA-664ABE7CBE79}.Release|Any CPU.ActiveCfg = Release|Any CPU
		{6DFCB4CD-0B11-3BDF-38FA-664ABE7CBE79}.Release|Any CPU.Build.0 = Release|Any CPU
	EndGlobalSection
	GlobalSection(SolutionProperties) = preSolution
		HideSolutionNode = FALSE
	EndGlobalSection
	GlobalSection(ExtensibilityGlobals) = postSolution
		SolutionGuid = {4A8DB0C7-C540-4E13-B584-8C9272C0A2F6}
	EndGlobalSection
EndGlobal
